
Microsoft Visual Studio Solution File, Format Version 12.00
# Visual Studio Version 16
VisualStudioVersion = 16.0.808.7
MinimumVisualStudioVersion = 10.0.40219.1
Project("{FAE04EC0-301F-11D3-BF4B-00C04F79EFBC}") = "BowlingLeague", "BowlingLeague\BowlingLeague.csproj", "{42F6B2C2-7678-4246-AA28-75D9B7B2B917}"
EndProject
Global
	GlobalSection(SolutionConfigurationPlatforms) = preSolution
		Debug|Any CPU = Debug|Any CPU
		Release|Any CPU = Release|Any CPU
	EndGlobalSection
	GlobalSection(ProjectConfigurationPlatforms) = postSolution
		{42F6B2C2-7678-4246-AA28-75D9B7B2B917}.Debug|Any CPU.ActiveCfg = Debug|Any CPU
		{42F6B2C2-7678-4246-AA28-75D9B7B2B917}.Debug|Any CPU.Build.0 = Debug|Any CPU
		{42F6B2C2-7678-4246-AA28-75D9B7B2B917}.Release|Any CPU.ActiveCfg = Release|Any CPU
		{42F6B2C2-7678-4246-AA28-75D9B7B2B917}.Release|Any CPU.Build.0 = Release|Any CPU
	EndGlobalSection
	GlobalSection(SolutionProperties) = preSolution
		HideSolutionNode = FALSE
	EndGlobalSection
	GlobalSection(ExtensibilityGlobals) = postSolution
		SolutionGuid = {95CD9A06-4B2D-4299-BEFA-6C4CB3F8E0B8}
	EndGlobalSection
EndGlobal
